// !$*UTF8*$!
{
	archiveVersion = 1;
	classes = {
	};
	objectVersion = 46;
	objects = {

/* Begin PBXBuildFile section */
		375019501D76B307005BF3E1 /* AppDelegate.swift in Sources */ = {isa = PBXBuildFile; fileRef = 3750194F1D76B307005BF3E1 /* AppDelegate.swift */; };
		375019521D76B307005BF3E1 /* ViewController.swift in Sources */ = {isa = PBXBuildFile; fileRef = 375019511D76B307005BF3E1 /* ViewController.swift */; };
		375019541D76B307005BF3E1 /* Assets.xcassets in Resources */ = {isa = PBXBuildFile; fileRef = 375019531D76B307005BF3E1 /* Assets.xcassets */; };
		375019601D76B3B2005BF3E1 /* Graph.swift in Sources */ = {isa = PBXBuildFile; fileRef = 3750195F1D76B3B2005BF3E1 /* Graph.swift */; };
		375019621D76C171005BF3E1 /* WindowController.swift in Sources */ = {isa = PBXBuildFile; fileRef = 375019611D76C171005BF3E1 /* WindowController.swift */; };
		375019641D76CDF5005BF3E1 /* MainMenu.xib in Resources */ = {isa = PBXBuildFile; fileRef = 375019631D76CDF5005BF3E1 /* MainMenu.xib */; };
		375019671D76D0BF005BF3E1 /* earring.jpg in Resources */ = {isa = PBXBuildFile; fileRef = 375019661D76D0BF005BF3E1 /* earring.jpg */; };
		375019691D76D0CF005BF3E1 /* GraphEditor.entitlements in Resources */ = {isa = PBXBuildFile; fileRef = 375019681D76D0CF005BF3E1 /* GraphEditor.entitlements */; };
		375019731D76D0F1005BF3E1 /* TB_annotate.tiff in Resources */ = {isa = PBXBuildFile; fileRef = 3750196A1D76D0F1005BF3E1 /* TB_annotate.tiff */; };
		375019741D76D0F1005BF3E1 /* TB_crop.tiff in Resources */ = {isa = PBXBuildFile; fileRef = 3750196B1D76D0F1005BF3E1 /* TB_crop.tiff */; };
		375019751D76D0F1005BF3E1 /* TB_hand.tiff in Resources */ = {isa = PBXBuildFile; fileRef = 3750196C1D76D0F1005BF3E1 /* TB_hand.tiff */; };
		375019761D76D0F1005BF3E1 /* TB_rotate.tiff in Resources */ = {isa = PBXBuildFile; fileRef = 3750196D1D76D0F1005BF3E1 /* TB_rotate.tiff */; };
		375019771D76D0F1005BF3E1 /* TB_select.tiff in Resources */ = {isa = PBXBuildFile; fileRef = 3750196E1D76D0F1005BF3E1 /* TB_select.tiff */; };
		375019781D76D0F1005BF3E1 /* TB_zoomActual.png in Resources */ = {isa = PBXBuildFile; fileRef = 3750196F1D76D0F1005BF3E1 /* TB_zoomActual.png */; };
		375019791D76D0F1005BF3E1 /* TB_zoomIn.png in Resources */ = {isa = PBXBuildFile; fileRef = 375019701D76D0F1005BF3E1 /* TB_zoomIn.png */; };
		3750197A1D76D0F1005BF3E1 /* TB_zoomOut.png in Resources */ = {isa = PBXBuildFile; fileRef = 375019711D76D0F1005BF3E1 /* TB_zoomOut.png */; };
		3750197B1D76D0F1005BF3E1 /* TB_zoomToFit.png in Resources */ = {isa = PBXBuildFile; fileRef = 375019721D76D0F1005BF3E1 /* TB_zoomToFit.png */; };
/* End PBXBuildFile section */

/* Begin PBXFileReference section */
		3750194C1D76B307005BF3E1 /* GraphEditor.app */ = {isa = PBXFileReference; explicitFileType = wrapper.application; includeInIndex = 0; path = GraphEditor.app; sourceTree = BUILT_PRODUCTS_DIR; };
		3750194F1D76B307005BF3E1 /* AppDelegate.swift */ = {isa = PBXFileReference; lastKnownFileType = sourcecode.swift; path = AppDelegate.swift; sourceTree = "<group>"; };
		375019511D76B307005BF3E1 /* ViewController.swift */ = {isa = PBXFileReference; lastKnownFileType = sourcecode.swift; path = ViewController.swift; sourceTree = "<group>"; };
		375019531D76B307005BF3E1 /* Assets.xcassets */ = {isa = PBXFileReference; lastKnownFileType = folder.assetcatalog; path = Assets.xcassets; sourceTree = "<group>"; };
		375019581D76B307005BF3E1 /* Info.plist */ = {isa = PBXFileReference; lastKnownFileType = text.plist.xml; path = Info.plist; sourceTree = "<group>"; };
		3750195F1D76B3B2005BF3E1 /* Graph.swift */ = {isa = PBXFileReference; fileEncoding = 4; lastKnownFileType = sourcecode.swift; path = Graph.swift; sourceTree = "<group>"; };
		375019611D76C171005BF3E1 /* WindowController.swift */ = {isa = PBXFileReference; fileEncoding = 4; lastKnownFileType = sourcecode.swift; path = WindowController.swift; sourceTree = "<group>"; };
		375019631D76CDF5005BF3E1 /* MainMenu.xib */ = {isa = PBXFileReference; fileEncoding = 4; lastKnownFileType = file.xib; path = MainMenu.xib; sourceTree = "<group>"; };
		375019661D76D0BF005BF3E1 /* earring.jpg */ = {isa = PBXFileReference; lastKnownFileType = image.jpeg; path = earring.jpg; sourceTree = "<group>"; };
		375019681D76D0CF005BF3E1 /* GraphEditor.entitlements */ = {isa = PBXFileReference; fileEncoding = 4; lastKnownFileType = text.xml; path = GraphEditor.entitlements; sourceTree = "<group>"; };
		3750196A1D76D0F1005BF3E1 /* TB_annotate.tiff */ = {isa = PBXFileReference; lastKnownFileType = image.tiff; path = TB_annotate.tiff; sourceTree = "<group>"; };
		3750196B1D76D0F1005BF3E1 /* TB_crop.tiff */ = {isa = PBXFileReference; lastKnownFileType = image.tiff; path = TB_crop.tiff; sourceTree = "<group>"; };
		3750196C1D76D0F1005BF3E1 /* TB_hand.tiff */ = {isa = PBXFileReference; lastKnownFileType = image.tiff; path = TB_hand.tiff; sourceTree = "<group>"; };
		3750196D1D76D0F1005BF3E1 /* TB_rotate.tiff */ = {isa = PBXFileReference; lastKnownFileType = image.tiff; path = TB_rotate.tiff; sourceTree = "<group>"; };
		3750196E1D76D0F1005BF3E1 /* TB_select.tiff */ = {isa = PBXFileReference; lastKnownFileType = image.tiff; path = TB_select.tiff; sourceTree = "<group>"; };
		3750196F1D76D0F1005BF3E1 /* TB_zoomActual.png */ = {isa = PBXFileReference; lastKnownFileType = image.png; path = TB_zoomActual.png; sourceTree = "<group>"; };
		375019701D76D0F1005BF3E1 /* TB_zoomIn.png */ = {isa = PBXFileReference; lastKnownFileType = image.png; path = TB_zoomIn.png; sourceTree = "<group>"; };
		375019711D76D0F1005BF3E1 /* TB_zoomOut.png */ = {isa = PBXFileReference; lastKnownFileType = image.png; path = TB_zoomOut.png; sourceTree = "<group>"; };
		375019721D76D0F1005BF3E1 /* TB_zoomToFit.png */ = {isa = PBXFileReference; lastKnownFileType = image.png; path = TB_zoomToFit.png; sourceTree = "<group>"; };
/* End PBXFileReference section */

/* Begin PBXFrameworksBuildPhase section */
		375019491D76B307005BF3E1 /* Frameworks */ = {
			isa = PBXFrameworksBuildPhase;
			buildActionMask = 2147483647;
			files = (
			);
			runOnlyForDeploymentPostprocessing = 0;
		};
/* End PBXFrameworksBuildPhase section */

/* Begin PBXGroup section */
		375019431D76B307005BF3E1 = {
			isa = PBXGroup;
			children = (
				3750194E1D76B307005BF3E1 /* GraphEditor */,
				3750194D1D76B307005BF3E1 /* Products */,
			);
			sourceTree = "<group>";
		};
		3750194D1D76B307005BF3E1 /* Products */ = {
			isa = PBXGroup;
			children = (
				3750194C1D76B307005BF3E1 /* GraphEditor.app */,
			);
			name = Products;
			sourceTree = "<group>";
		};
		3750194E1D76B307005BF3E1 /* GraphEditor */ = {
			isa = PBXGroup;
			children = (
				375019651D76D0A9005BF3E1 /* Resources */,
				3750195E1D76B35B005BF3E1 /* Models */,
				3750194F1D76B307005BF3E1 /* AppDelegate.swift */,
				375019511D76B307005BF3E1 /* ViewController.swift */,
				375019531D76B307005BF3E1 /* Assets.xcassets */,
				375019581D76B307005BF3E1 /* Info.plist */,
				375019611D76C171005BF3E1 /* WindowController.swift */,
				375019631D76CDF5005BF3E1 /* MainMenu.xib */,
			);
			path = GraphEditor;
			sourceTree = "<group>";
		};
		3750195E1D76B35B005BF3E1 /* Models */ = {
			isa = PBXGroup;
			children = (
				3750195F1D76B3B2005BF3E1 /* Graph.swift */,
			);
			name = Models;
			sourceTree = "<group>";
		};
		375019651D76D0A9005BF3E1 /* Resources */ = {
			isa = PBXGroup;
			children = (
				375019681D76D0CF005BF3E1 /* GraphEditor.entitlements */,
				3750196A1D76D0F1005BF3E1 /* TB_annotate.tiff */,
				3750196B1D76D0F1005BF3E1 /* TB_crop.tiff */,
				3750196C1D76D0F1005BF3E1 /* TB_hand.tiff */,
				3750196D1D76D0F1005BF3E1 /* TB_rotate.tiff */,
				3750196E1D76D0F1005BF3E1 /* TB_select.tiff */,
				3750196F1D76D0F1005BF3E1 /* TB_zoomActual.png */,
				375019701D76D0F1005BF3E1 /* TB_zoomIn.png */,
				375019711D76D0F1005BF3E1 /* TB_zoomOut.png */,
				375019721D76D0F1005BF3E1 /* TB_zoomToFit.png */,
				375019661D76D0BF005BF3E1 /* earring.jpg */,
			);
			name = Resources;
			sourceTree = "<group>";
		};
/* End PBXGroup section */

/* Begin PBXNativeTarget section */
		3750194B1D76B307005BF3E1 /* GraphEditor */ = {
			isa = PBXNativeTarget;
			buildConfigurationList = 3750195B1D76B307005BF3E1 /* Build configuration list for PBXNativeTarget "GraphEditor" */;
			buildPhases = (
				375019481D76B307005BF3E1 /* Sources */,
				375019491D76B307005BF3E1 /* Frameworks */,
				3750194A1D76B307005BF3E1 /* Resources */,
			);
			buildRules = (
			);
			dependencies = (
			);
			name = GraphEditor;
			productName = GraphEditor;
			productReference = 3750194C1D76B307005BF3E1 /* GraphEditor.app */;
			productType = "com.apple.product-type.application";
		};
/* End PBXNativeTarget section */

/* Begin PBXProject section */
		375019441D76B307005BF3E1 /* Project object */ = {
			isa = PBXProject;
			attributes = {
				LastSwiftUpdateCheck = 0730;
				LastUpgradeCheck = 0730;
				ORGANIZATIONNAME = "Анастасия Васюра";
				TargetAttributes = {
					3750194B1D76B307005BF3E1 = {
						CreatedOnToolsVersion = 7.3.1;
					};
				};
			};
			buildConfigurationList = 375019471D76B307005BF3E1 /* Build configuration list for PBXProject "GraphEditor" */;
			compatibilityVersion = "Xcode 3.2";
			developmentRegion = English;
			hasScannedForEncodings = 0;
			knownRegions = (
				en,
				Base,
			);
			mainGroup = 375019431D76B307005BF3E1;
			productRefGroup = 3750194D1D76B307005BF3E1 /* Products */;
			projectDirPath = "";
			projectRoot = "";
			targets = (
				3750194B1D76B307005BF3E1 /* GraphEditor */,
			);
		};
/* End PBXProject section */

/* Begin PBXResourcesBuildPhase section */
		3750194A1D76B307005BF3E1 /* Resources */ = {
			isa = PBXResourcesBuildPhase;
			buildActionMask = 2147483647;
			files = (
				3750197B1D76D0F1005BF3E1 /* TB_zoomToFit.png in Resources */,
				375019751D76D0F1005BF3E1 /* TB_hand.tiff in Resources */,
				375019761D76D0F1005BF3E1 /* TB_rotate.tiff in Resources */,
				375019541D76B307005BF3E1 /* Assets.xcassets in Resources */,
				375019691D76D0CF005BF3E1 /* GraphEditor.entitlements in Resources */,
				375019771D76D0F1005BF3E1 /* TB_select.tiff in Resources */,
				375019741D76D0F1005BF3E1 /* TB_crop.tiff in Resources */,
				375019641D76CDF5005BF3E1 /* MainMenu.xib in Resources */,
				3750197A1D76D0F1005BF3E1 /* TB_zoomOut.png in Resources */,
				375019671D76D0BF005BF3E1 /* earring.jpg in Resources */,
				375019781D76D0F1005BF3E1 /* TB_zoomActual.png in Resources */,
				375019731D76D0F1005BF3E1 /* TB_annotate.tiff in Resources */,
				375019791D76D0F1005BF3E1 /* TB_zoomIn.png in Resources */,
			);
			runOnlyForDeploymentPostprocessing = 0;
		};
/* End PBXResourcesBuildPhase section */

/* Begin PBXSourcesBuildPhase section */
		375019481D76B307005BF3E1 /* Sources */ = {
			isa = PBXSourcesBuildPhase;
			buildActionMask = 2147483647;
			files = (
				375019601D76B3B2005BF3E1 /* Graph.swift in Sources */,
				375019621D76C171005BF3E1 /* WindowController.swift in Sources */,
				375019521D76B307005BF3E1 /* ViewController.swift in Sources */,
				375019501D76B307005BF3E1 /* AppDelegate.swift in Sources */,
			);
			runOnlyForDeploymentPostprocessing = 0;
		};
/* End PBXSourcesBuildPhase section */

/* Begin XCBuildConfiguration section */
		375019591D76B307005BF3E1 /* Debug */ = {
			isa = XCBuildConfiguration;
			buildSettings = {
				ALWAYS_SEARCH_USER_PATHS = NO;
				CLANG_ANALYZER_NONNULL = YES;
				CLANG_CXX_LANGUAGE_STANDARD = "gnu++0x";
				CLANG_CXX_LIBRARY = "libc++";
				CLANG_ENABLE_MODULES = YES;
				CLANG_ENABLE_OBJC_ARC = YES;
				CLANG_WARN_BOOL_CONVERSION = YES;
				CLANG_WARN_CONSTANT_CONVERSION = YES;
				CLANG_WARN_DIRECT_OBJC_ISA_USAGE = YES_ERROR;
				CLANG_WARN_EMPTY_BODY = YES;
				CLANG_WARN_ENUM_CONVERSION = YES;
				CLANG_WARN_INT_CONVERSION = YES;
				CLANG_WARN_OBJC_ROOT_CLASS = YES_ERROR;
				CLANG_WARN_UNREACHABLE_CODE = YES;
				CLANG_WARN__DUPLICATE_METHOD_MATCH = YES;
				CODE_SIGN_IDENTITY = "-";
				COPY_PHASE_STRIP = NO;
				DEBUG_INFORMATION_FORMAT = dwarf;
				ENABLE_STRICT_OBJC_MSGSEND = YES;
				ENABLE_TESTABILITY = YES;
				GCC_C_LANGUAGE_STANDARD = gnu99;
				GCC_DYNAMIC_NO_PIC = NO;
				GCC_NO_COMMON_BLOCKS = YES;
				GCC_OPTIMIZATION_LEVEL = 0;
				GCC_PREPROCESSOR_DEFINITIONS = (
					"DEBUG=1",
					"$(inherited)",
				);
				GCC_WARN_64_TO_32_BIT_CONVERSION = YES;
				GCC_WARN_ABOUT_RETURN_TYPE = YES_ERROR;
				GCC_WARN_UNDECLARED_SELECTOR = YES;
				GCC_WARN_UNINITIALIZED_AUTOS = YES_AGGRESSIVE;
				GCC_WARN_UNUSED_FUNCTION = YES;
				GCC_WARN_UNUSED_VARIABLE = YES;
				MACOSX_DEPLOYMENT_TARGET = 10.11;
				MTL_ENABLE_DEBUG_INFO = YES;
				ONLY_ACTIVE_ARCH = YES;
				SDKROOT = macosx;
				SWIFT_OPTIMIZATION_LEVEL = "-Onone";
			};
			name = Debug;
		};
		3750195A1D76B307005BF3E1 /* Release */ = {
			isa = XCBuildConfiguration;
			buildSettings = {
				ALWAYS_SEARCH_USER_PATHS = NO;
				CLANG_ANALYZER_NONNULL = YES;
				CLANG_CXX_LANGUAGE_STANDARD = "gnu++0x";
				CLANG_CXX_LIBRARY = "libc++";
				CLANG_ENABLE_MODULES = YES;
				CLANG_ENABLE_OBJC_ARC = YES;
				CLANG_WARN_BOOL_CONVERSION = YES;
				CLANG_WARN_CONSTANT_CONVERSION = YES;
				CLANG_WARN_DIRECT_OBJC_ISA_USAGE = YES_ERROR;
				CLANG_WARN_EMPTY_BODY = YES;
				CLANG_WARN_ENUM_CONVERSION = YES;
				CLANG_WARN_INT_CONVERSION = YES;
				CLANG_WARN_OBJC_ROOT_CLASS = YES_ERROR;
				CLANG_WARN_UNREACHABLE_CODE = YES;
				CLANG_WARN__DUPLICATE_METHOD_MATCH = YES;
				CODE_SIGN_IDENTITY = "-";
				COPY_PHASE_STRIP = NO;
				DEBUG_INFORMATION_FORMAT = "dwarf-with-dsym";
				ENABLE_NS_ASSERTIONS = NO;
				ENABLE_STRICT_OBJC_MSGSEND = YES;
				GCC_C_LANGUAGE_STANDARD = gnu99;
				GCC_NO_COMMON_BLOCKS = YES;
				GCC_WARN_64_TO_32_BIT_CONVERSION = YES;
				GCC_WARN_ABOUT_RETURN_TYPE = YES_ERROR;
				GCC_WARN_UNDECLARED_SELECTOR = YES;
				GCC_WARN_UNINITIALIZED_AUTOS = YES_AGGRESSIVE;
				GCC_WARN_UNUSED_FUNCTION = YES;
				GCC_WARN_UNUSED_VARIABLE = YES;
				MACOSX_DEPLOYMENT_TARGET = 10.11;
				MTL_ENABLE_DEBUG_INFO = NO;
				SDKROOT = macosx;
			};
			name = Release;
		};
		3750195C1D76B307005BF3E1 /* Debug */ = {
			isa = XCBuildConfiguration;
			buildSettings = {
				ASSETCATALOG_COMPILER_APPICON_NAME = AppIcon;
				COMBINE_HIDPI_IMAGES = YES;
				INFOPLIST_FILE = GraphEditor/Info.plist;
				LD_RUNPATH_SEARCH_PATHS = "$(inherited) @executable_path/../Frameworks";
				PRODUCT_BUNDLE_IDENTIFIER = a.vasyura.ru.GraphEditor;
				PRODUCT_NAME = "$(TARGET_NAME)";
			};
			name = Debug;
		};
		3750195D1D76B307005BF3E1 /* Release */ = {
			isa = XCBuildConfiguration;
			buildSettings = {
				ASSETCATALOG_COMPILER_APPICON_NAME = AppIcon;
				COMBINE_HIDPI_IMAGES = YES;
				INFOPLIST_FILE = GraphEditor/Info.plist;
				LD_RUNPATH_SEARCH_PATHS = "$(inherited) @executable_path/../Frameworks";
				PRODUCT_BUNDLE_IDENTIFIER = a.vasyura.ru.GraphEditor;
				PRODUCT_NAME = "$(TARGET_NAME)";
			};
			name = Release;
		};
/* End XCBuildConfiguration section */

/* Begin XCConfigurationList section */
		375019471D76B307005BF3E1 /* Build configuration list for PBXProject "GraphEditor" */ = {
			isa = XCConfigurationList;
			buildConfigurations = (
				375019591D76B307005BF3E1 /* Debug */,
				3750195A1D76B307005BF3E1 /* Release */,
			);
			defaultConfigurationIsVisible = 0;
			defaultConfigurationName = Release;
		};
		3750195B1D76B307005BF3E1 /* Build configuration list for PBXNativeTarget "GraphEditor" */ = {
			isa = XCConfigurationList;
			buildConfigurations = (
				3750195C1D76B307005BF3E1 /* Debug */,
				3750195D1D76B307005BF3E1 /* Release */,
			);
			defaultConfigurationIsVisible = 0;
		};
/* End XCConfigurationList section */
	};
	rootObject = 375019441D76B307005BF3E1 /* Project object */;
}
